// !$*UTF8*$!
{
	archiveVersion = 1;
	classes = {
	};
	objectVersion = 50;
	objects = {

/* Begin PBXBuildFile section */
		155250BD244C04F000493B95 /* AppDelegate.swift in Sources */ = {isa = PBXBuildFile; fileRef = 155250BC244C04F000493B95 /* AppDelegate.swift */; };
		155250BF244C04F000493B95 /* SceneDelegate.swift in Sources */ = {isa = PBXBuildFile; fileRef = 155250BE244C04F000493B95 /* SceneDelegate.swift */; };
		155250C1244C04F000493B95 /* ViewController.swift in Sources */ = {isa = PBXBuildFile; fileRef = 155250C0244C04F000493B95 /* ViewController.swift */; };
		155250C4244C04F000493B95 /* Main.storyboard in Resources */ = {isa = PBXBuildFile; fileRef = 155250C2244C04F000493B95 /* Main.storyboard */; };
		155250C6244C04F400493B95 /* Assets.xcassets in Resources */ = {isa = PBXBuildFile; fileRef = 155250C5244C04F400493B95 /* Assets.xcassets */; };
		155250C9244C04F400493B95 /* LaunchScreen.storyboard in Resources */ = {isa = PBXBuildFile; fileRef = 155250C7244C04F400493B95 /* LaunchScreen.storyboard */; };
		155250D4244C04F400493B95 /* SocketChatAppTests.swift in Sources */ = {isa = PBXBuildFile; fileRef = 155250D3244C04F400493B95 /* SocketChatAppTests.swift */; };
		155250DF244C04F400493B95 /* SocketChatAppUITests.swift in Sources */ = {isa = PBXBuildFile; fileRef = 155250DE244C04F400493B95 /* SocketChatAppUITests.swift */; };
/* End PBXBuildFile section */

/* Begin PBXContainerItemProxy section */
		155250D0244C04F400493B95 /* PBXContainerItemProxy */ = {
			isa = PBXContainerItemProxy;
			containerPortal = 155250B1244C04F000493B95 /* Project object */;
			proxyType = 1;
			remoteGlobalIDString = 155250B8244C04F000493B95;
			remoteInfo = SocketChatApp;
		};
		155250DB244C04F400493B95 /* PBXContainerItemProxy */ = {
			isa = PBXContainerItemProxy;
			containerPortal = 155250B1244C04F000493B95 /* Project object */;
			proxyType = 1;
			remoteGlobalIDString = 155250B8244C04F000493B95;
			remoteInfo = SocketChatApp;
		};
/* End PBXContainerItemProxy section */

/* Begin PBXFileReference section */
		155250B9244C04F000493B95 /* SocketChatApp.app */ = {isa = PBXFileReference; explicitFileType = wrapper.application; includeInIndex = 0; path = SocketChatApp.app; sourceTree = BUILT_PRODUCTS_DIR; };
		155250BC244C04F000493B95 /* AppDelegate.swift */ = {isa = PBXFileReference; lastKnownFileType = sourcecode.swift; path = AppDelegate.swift; sourceTree = "<group>"; };
		155250BE244C04F000493B95 /* SceneDelegate.swift */ = {isa = PBXFileReference; lastKnownFileType = sourcecode.swift; path = SceneDelegate.swift; sourceTree = "<group>"; };
		155250C0244C04F000493B95 /* ViewController.swift */ = {isa = PBXFileReference; lastKnownFileType = sourcecode.swift; path = ViewController.swift; sourceTree = "<group>"; };
		155250C3244C04F000493B95 /* Base */ = {isa = PBXFileReference; lastKnownFileType = file.storyboard; name = Base; path = Base.lproj/Main.storyboard; sourceTree = "<group>"; };
		155250C5244C04F400493B95 /* Assets.xcassets */ = {isa = PBXFileReference; lastKnownFileType = folder.assetcatalog; path = Assets.xcassets; sourceTree = "<group>"; };
		155250C8244C04F400493B95 /* Base */ = {isa = PBXFileReference; lastKnownFileType = file.storyboard; name = Base; path = Base.lproj/LaunchScreen.storyboard; sourceTree = "<group>"; };
		155250CA244C04F400493B95 /* Info.plist */ = {isa = PBXFileReference; lastKnownFileType = text.plist.xml; path = Info.plist; sourceTree = "<group>"; };
		155250CF244C04F400493B95 /* SocketChatAppTests.xctest */ = {isa = PBXFileReference; explicitFileType = wrapper.cfbundle; includeInIndex = 0; path = SocketChatAppTests.xctest; sourceTree = BUILT_PRODUCTS_DIR; };
		155250D3244C04F400493B95 /* SocketChatAppTests.swift */ = {isa = PBXFileReference; lastKnownFileType = sourcecode.swift; path = SocketChatAppTests.swift; sourceTree = "<group>"; };
		155250D5244C04F400493B95 /* Info.plist */ = {isa = PBXFileReference; lastKnownFileType = text.plist.xml; path = Info.plist; sourceTree = "<group>"; };
		155250DA244C04F400493B95 /* SocketChatAppUITests.xctest */ = {isa = PBXFileReference; explicitFileType = wrapper.cfbundle; includeInIndex = 0; path = SocketChatAppUITests.xctest; sourceTree = BUILT_PRODUCTS_DIR; };
		155250DE244C04F400493B95 /* SocketChatAppUITests.swift */ = {isa = PBXFileReference; lastKnownFileType = sourcecode.swift; path = SocketChatAppUITests.swift; sourceTree = "<group>"; };
		155250E0244C04F400493B95 /* Info.plist */ = {isa = PBXFileReference; lastKnownFileType = text.plist.xml; path = Info.plist; sourceTree = "<group>"; };
/* End PBXFileReference section */

/* Begin PBXFrameworksBuildPhase section */
		155250B6244C04F000493B95 /* Frameworks */ = {
			isa = PBXFrameworksBuildPhase;
			buildActionMask = 2147483647;
			files = (
			);
			runOnlyForDeploymentPostprocessing = 0;
		};
		155250CC244C04F400493B95 /* Frameworks */ = {
			isa = PBXFrameworksBuildPhase;
			buildActionMask = 2147483647;
			files = (
			);
			runOnlyForDeploymentPostprocessing = 0;
		};
		155250D7244C04F400493B95 /* Frameworks */ = {
			isa = PBXFrameworksBuildPhase;
			buildActionMask = 2147483647;
			files = (
			);
			runOnlyForDeploymentPostprocessing = 0;
		};
/* End PBXFrameworksBuildPhase section */

/* Begin PBXGroup section */
		155250B0244C04F000493B95 = {
			isa = PBXGroup;
			children = (
				155250BB244C04F000493B95 /* SocketChatApp */,
				155250D2244C04F400493B95 /* SocketChatAppTests */,
				155250DD244C04F400493B95 /* SocketChatAppUITests */,
				155250BA244C04F000493B95 /* Products */,
			);
			sourceTree = "<group>";
		};
		155250BA244C04F000493B95 /* Products */ = {
			isa = PBXGroup;
			children = (
				155250B9244C04F000493B95 /* SocketChatApp.app */,
				155250CF244C04F400493B95 /* SocketChatAppTests.xctest */,
				155250DA244C04F400493B95 /* SocketChatAppUITests.xctest */,
			);
			name = Products;
			sourceTree = "<group>";
		};
		155250BB244C04F000493B95 /* SocketChatApp */ = {
			isa = PBXGroup;
			children = (
				155250BC244C04F000493B95 /* AppDelegate.swift */,
				155250BE244C04F000493B95 /* SceneDelegate.swift */,
				155250C0244C04F000493B95 /* ViewController.swift */,
				155250C2244C04F000493B95 /* Main.storyboard */,
				155250C5244C04F400493B95 /* Assets.xcassets */,
				155250C7244C04F400493B95 /* LaunchScreen.storyboard */,
				155250CA244C04F400493B95 /* Info.plist */,
			);
			path = SocketChatApp;
			sourceTree = "<group>";
		};
		155250D2244C04F400493B95 /* SocketChatAppTests */ = {
			isa = PBXGroup;
			children = (
				155250D3244C04F400493B95 /* SocketChatAppTests.swift */,
				155250D5244C04F400493B95 /* Info.plist */,
			);
			path = SocketChatAppTests;
			sourceTree = "<group>";
		};
		155250DD244C04F400493B95 /* SocketChatAppUITests */ = {
			isa = PBXGroup;
			children = (
				155250DE244C04F400493B95 /* SocketChatAppUITests.swift */,
				155250E0244C04F400493B95 /* Info.plist */,
			);
			path = SocketChatAppUITests;
			sourceTree = "<group>";
		};
/* End PBXGroup section */

/* Begin PBXNativeTarget section */
		155250B8244C04F000493B95 /* SocketChatApp */ = {
			isa = PBXNativeTarget;
			buildConfigurationList = 155250E3244C04F400493B95 /* Build configuration list for PBXNativeTarget "SocketChatApp" */;
			buildPhases = (
				155250B5244C04F000493B95 /* Sources */,
				155250B6244C04F000493B95 /* Frameworks */,
				155250B7244C04F000493B95 /* Resources */,
			);
			buildRules = (
			);
			dependencies = (
			);
			name = SocketChatApp;
			productName = SocketChatApp;
			productReference = 155250B9244C04F000493B95 /* SocketChatApp.app */;
			productType = "com.apple.product-type.application";
		};
		155250CE244C04F400493B95 /* SocketChatAppTests */ = {
			isa = PBXNativeTarget;
			buildConfigurationList = 155250E6244C04F400493B95 /* Build configuration list for PBXNativeTarget "SocketChatAppTests" */;
			buildPhases = (
				155250CB244C04F400493B95 /* Sources */,
				155250CC244C04F400493B95 /* Frameworks */,
				155250CD244C04F400493B95 /* Resources */,
			);
			buildRules = (
			);
			dependencies = (
				155250D1244C04F400493B95 /* PBXTargetDependency */,
			);
			name = SocketChatAppTests;
			productName = SocketChatAppTests;
			productReference = 155250CF244C04F400493B95 /* SocketChatAppTests.xctest */;
			productType = "com.apple.product-type.bundle.unit-test";
		};
		155250D9244C04F400493B95 /* SocketChatAppUITests */ = {
			isa = PBXNativeTarget;
			buildConfigurationList = 155250E9244C04F400493B95 /* Build configuration list for PBXNativeTarget "SocketChatAppUITests" */;
			buildPhases = (
				155250D6244C04F400493B95 /* Sources */,
				155250D7244C04F400493B95 /* Frameworks */,
				155250D8244C04F400493B95 /* Resources */,
			);
			buildRules = (
			);
			dependencies = (
				155250DC244C04F400493B95 /* PBXTargetDependency */,
			);
			name = SocketChatAppUITests;
			productName = SocketChatAppUITests;
			productReference = 155250DA244C04F400493B95 /* SocketChatAppUITests.xctest */;
			productType = "com.apple.product-type.bundle.ui-testing";
		};
/* End PBXNativeTarget section */

/* Begin PBXProject section */
		155250B1244C04F000493B95 /* Project object */ = {
			isa = PBXProject;
			attributes = {
				LastSwiftUpdateCheck = 1130;
				LastUpgradeCheck = 1130;
				ORGANIZATIONNAME = "Dhruv Upadhyay";
				TargetAttributes = {
					155250B8244C04F000493B95 = {
						CreatedOnToolsVersion = 11.3;
					};
					155250CE244C04F400493B95 = {
						CreatedOnToolsVersion = 11.3;
						TestTargetID = 155250B8244C04F000493B95;
					};
					155250D9244C04F400493B95 = {
						CreatedOnToolsVersion = 11.3;
						TestTargetID = 155250B8244C04F000493B95;
					};
				};
			};
			buildConfigurationList = 155250B4244C04F000493B95 /* Build configuration list for PBXProject "SocketChatApp" */;
			compatibilityVersion = "Xcode 9.3";
			developmentRegion = en;
			hasScannedForEncodings = 0;
			knownRegions = (
				en,
				Base,
			);
			mainGroup = 155250B0244C04F000493B95;
			productRefGroup = 155250BA244C04F000493B95 /* Products */;
			projectDirPath = "";
			projectRoot = "";
			targets = (
				155250B8244C04F000493B95 /* SocketChatApp */,
				155250CE244C04F400493B95 /* SocketChatAppTests */,
				155250D9244C04F400493B95 /* SocketChatAppUITests */,
			);
		};
/* End PBXProject section */

/* Begin PBXResourcesBuildPhase section */
		155250B7244C04F000493B95 /* Resources */ = {
			isa = PBXResourcesBuildPhase;
			buildActionMask = 2147483647;
			files = (
				155250C9244C04F400493B95 /* LaunchScreen.storyboard in Resources */,
				155250C6244C04F400493B95 /* Assets.xcassets in Resources */,
				155250C4244C04F000493B95 /* Main.storyboard in Resources */,
			);
			runOnlyForDeploymentPostprocessing = 0;
		};
		155250CD244C04F400493B95 /* Resources */ = {
			isa = PBXResourcesBuildPhase;
			buildActionMask = 2147483647;
			files = (
			);
			runOnlyForDeploymentPostprocessing = 0;
		};
		155250D8244C04F400493B95 /* Resources */ = {
			isa = PBXResourcesBuildPhase;
			buildActionMask = 2147483647;
			files = (
			);
			runOnlyForDeploymentPostprocessing = 0;
		};
/* End PBXResourcesBuildPhase section */

/* Begin PBXSourcesBuildPhase section */
		155250B5244C04F000493B95 /* Sources */ = {
			isa = PBXSourcesBuildPhase;
			buildActionMask = 2147483647;
			files = (
				155250C1244C04F000493B95 /* ViewController.swift in Sources */,
				155250BD244C04F000493B95 /* AppDelegate.swift in Sources */,
				155250BF244C04F000493B95 /* SceneDelegate.swift in Sources */,
			);
			runOnlyForDeploymentPostprocessing = 0;
		};
		155250CB244C04F400493B95 /* Sources */ = {
			isa = PBXSourcesBuildPhase;
			buildActionMask = 2147483647;
			files = (
				155250D4244C04F400493B95 /* SocketChatAppTests.swift in Sources */,
			);
			runOnlyForDeploymentPostprocessing = 0;
		};
		155250D6244C04F400493B95 /* Sources */ = {
			isa = PBXSourcesBuildPhase;
			buildActionMask = 2147483647;
			files = (
				155250DF244C04F400493B95 /* SocketChatAppUITests.swift in Sources */,
			);
			runOnlyForDeploymentPostprocessing = 0;
		};
/* End PBXSourcesBuildPhase section */

/* Begin PBXTargetDependency section */
		155250D1244C04F400493B95 /* PBXTargetDependency */ = {
			isa = PBXTargetDependency;
			target = 155250B8244C04F000493B95 /* SocketChatApp */;
			targetProxy = 155250D0244C04F400493B95 /* PBXContainerItemProxy */;
		};
		155250DC244C04F400493B95 /* PBXTargetDependency */ = {
			isa = PBXTargetDependency;
			target = 155250B8244C04F000493B95 /* SocketChatApp */;
			targetProxy = 155250DB244C04F400493B95 /* PBXContainerItemProxy */;
		};
/* End PBXTargetDependency section */

/* Begin PBXVariantGroup section */
		155250C2244C04F000493B95 /* Main.storyboard */ = {
			isa = PBXVariantGroup;
			children = (
				155250C3244C04F000493B95 /* Base */,
			);
			name = Main.storyboard;
			sourceTree = "<group>";
		};
		155250C7244C04F400493B95 /* LaunchScreen.storyboard */ = {
			isa = PBXVariantGroup;
			children = (
				155250C8244C04F400493B95 /* Base */,
			);
			name = LaunchScreen.storyboard;
			sourceTree = "<group>";
		};
/* End PBXVariantGroup section */

/* Begin XCBuildConfiguration section */
		155250E1244C04F400493B95 /* Debug */ = {
			isa = XCBuildConfiguration;
			buildSettings = {
				ALWAYS_SEARCH_USER_PATHS = NO;
				CLANG_ANALYZER_NONNULL = YES;
				CLANG_ANALYZER_NUMBER_OBJECT_CONVERSION = YES_AGGRESSIVE;
				CLANG_CXX_LANGUAGE_STANDARD = "gnu++14";
				CLANG_CXX_LIBRARY = "libc++";
				CLANG_ENABLE_MODULES = YES;
				CLANG_ENABLE_OBJC_ARC = YES;
				CLANG_ENABLE_OBJC_WEAK = YES;
				CLANG_WARN_BLOCK_CAPTURE_AUTORELEASING = YES;
				CLANG_WARN_BOOL_CONVERSION = YES;
				CLANG_WARN_COMMA = YES;
				CLANG_WARN_CONSTANT_CONVERSION = YES;
				CLANG_WARN_DEPRECATED_OBJC_IMPLEMENTATIONS = YES;
				CLANG_WARN_DIRECT_OBJC_ISA_USAGE = YES_ERROR;
				CLANG_WARN_DOCUMENTATION_COMMENTS = YES;
				CLANG_WARN_EMPTY_BODY = YES;
				CLANG_WARN_ENUM_CONVERSION = YES;
				CLANG_WARN_INFINITE_RECURSION = YES;
				CLANG_WARN_INT_CONVERSION = YES;
				CLANG_WARN_NON_LITERAL_NULL_CONVERSION = YES;
				CLANG_WARN_OBJC_IMPLICIT_RETAIN_SELF = YES;
				CLANG_WARN_OBJC_LITERAL_CONVERSION = YES;
				CLANG_WARN_OBJC_ROOT_CLASS = YES_ERROR;
				CLANG_WARN_RANGE_LOOP_ANALYSIS = YES;
				CLANG_WARN_STRICT_PROTOTYPES = YES;
				CLANG_WARN_SUSPICIOUS_MOVE = YES;
				CLANG_WARN_UNGUARDED_AVAILABILITY = YES_AGGRESSIVE;
				CLANG_WARN_UNREACHABLE_CODE = YES;
				CLANG_WARN__DUPLICATE_METHOD_MATCH = YES;
				COPY_PHASE_STRIP = NO;
				DEBUG_INFORMATION_FORMAT = dwarf;
				ENABLE_STRICT_OBJC_MSGSEND = YES;
				ENABLE_TESTABILITY = YES;
				GCC_C_LANGUAGE_STANDARD = gnu11;
				GCC_DYNAMIC_NO_PIC = NO;
				GCC_NO_COMMON_BLOCKS = YES;
				GCC_OPTIMIZATION_LEVEL = 0;
				GCC_PREPROCESSOR_DEFINITIONS = (
					"DEBUG=1",
					"$(inherited)",
				);
				GCC_WARN_64_TO_32_BIT_CONVERSION = YES;
				GCC_WARN_ABOUT_RETURN_TYPE = YES_ERROR;
				GCC_WARN_UNDECLARED_SELECTOR = YES;
				GCC_WARN_UNINITIALIZED_AUTOS = YES_AGGRESSIVE;
				GCC_WARN_UNUSED_FUNCTION = YES;
				GCC_WARN_UNUSED_VARIABLE = YES;
				IPHONEOS_DEPLOYMENT_TARGET = 13.2;
				MTL_ENABLE_DEBUG_INFO = INCLUDE_SOURCE;
				MTL_FAST_MATH = YES;
				ONLY_ACTIVE_ARCH = YES;
				SDKROOT = iphoneos;
				SWIFT_ACTIVE_COMPILATION_CONDITIONS = DEBUG;
				SWIFT_OPTIMIZATION_LEVEL = "-Onone";
			};
			name = Debug;
		};
		155250E2244C04F400493B95 /* Release */ = {
			isa = XCBuildConfiguration;
			buildSettings = {
				ALWAYS_SEARCH_USER_PATHS = NO;
				CLANG_ANALYZER_NONNULL = YES;
				CLANG_ANALYZER_NUMBER_OBJECT_CONVERSION = YES_AGGRESSIVE;
				CLANG_CXX_LANGUAGE_STANDARD = "gnu++14";
				CLANG_CXX_LIBRARY = "libc++";
				CLANG_ENABLE_MODULES = YES;
				CLANG_ENABLE_OBJC_ARC = YES;
				CLANG_ENABLE_OBJC_WEAK = YES;
				CLANG_WARN_BLOCK_CAPTURE_AUTORELEASING = YES;
				CLANG_WARN_BOOL_CONVERSION = YES;
				CLANG_WARN_COMMA = YES;
				CLANG_WARN_CONSTANT_CONVERSION = YES;
				CLANG_WARN_DEPRECATED_OBJC_IMPLEMENTATIONS = YES;
				CLANG_WARN_DIRECT_OBJC_ISA_USAGE = YES_ERROR;
				CLANG_WARN_DOCUMENTATION_COMMENTS = YES;
				CLANG_WARN_EMPTY_BODY = YES;
				CLANG_WARN_ENUM_CONVERSION = YES;
				CLANG_WARN_INFINITE_RECURSION = YES;
				CLANG_WARN_INT_CONVERSION = YES;
				CLANG_WARN_NON_LITERAL_NULL_CONVERSION = YES;
				CLANG_WARN_OBJC_IMPLICIT_RETAIN_SELF = YES;
				CLANG_WARN_OBJC_LITERAL_CONVERSION = YES;
				CLANG_WARN_OBJC_ROOT_CLASS = YES_ERROR;
				CLANG_WARN_RANGE_LOOP_ANALYSIS = YES;
				CLANG_WARN_STRICT_PROTOTYPES = YES;
				CLANG_WARN_SUSPICIOUS_MOVE = YES;
				CLANG_WARN_UNGUARDED_AVAILABILITY = YES_AGGRESSIVE;
				CLANG_WARN_UNREACHABLE_CODE = YES;
				CLANG_WARN__DUPLICATE_METHOD_MATCH = YES;
				COPY_PHASE_STRIP = NO;
				DEBUG_INFORMATION_FORMAT = "dwarf-with-dsym";
				ENABLE_NS_ASSERTIONS = NO;
				ENABLE_STRICT_OBJC_MSGSEND = YES;
				GCC_C_LANGUAGE_STANDARD = gnu11;
				GCC_NO_COMMON_BLOCKS = YES;
				GCC_WARN_64_TO_32_BIT_CONVERSION = YES;
				GCC_WARN_ABOUT_RETURN_TYPE = YES_ERROR;
				GCC_WARN_UNDECLARED_SELECTOR = YES;
				GCC_WARN_UNINITIALIZED_AUTOS = YES_AGGRESSIVE;
				GCC_WARN_UNUSED_FUNCTION = YES;
				GCC_WARN_UNUSED_VARIABLE = YES;
				IPHONEOS_DEPLOYMENT_TARGET = 13.2;
				MTL_ENABLE_DEBUG_INFO = NO;
				MTL_FAST_MATH = YES;
				SDKROOT = iphoneos;
				SWIFT_COMPILATION_MODE = wholemodule;
				SWIFT_OPTIMIZATION_LEVEL = "-O";
				VALIDATE_PRODUCT = YES;
			};
			name = Release;
		};
		155250E4244C04F400493B95 /* Debug */ = {
			isa = XCBuildConfiguration;
			buildSettings = {
				ASSETCATALOG_COMPILER_APPICON_NAME = AppIcon;
				CODE_SIGN_STYLE = Automatic;
				INFOPLIST_FILE = SocketChatApp/Info.plist;
				LD_RUNPATH_SEARCH_PATHS = (
					"$(inherited)",
					"@executable_path/Frameworks",
				);
				PRODUCT_BUNDLE_IDENTIFIER = dhruv.SocketChatApp;
				PRODUCT_NAME = "$(TARGET_NAME)";
				SWIFT_VERSION = 5.0;
				TARGETED_DEVICE_FAMILY = "1,2";
			};
			name = Debug;
		};
		155250E5244C04F400493B95 /* Release */ = {
			isa = XCBuildConfiguration;
			buildSettings = {
				ASSETCATALOG_COMPILER_APPICON_NAME = AppIcon;
				CODE_SIGN_STYLE = Automatic;
				INFOPLIST_FILE = SocketChatApp/Info.plist;
				LD_RUNPATH_SEARCH_PATHS = (
					"$(inherited)",
					"@executable_path/Frameworks",
				);
				PRODUCT_BUNDLE_IDENTIFIER = dhruv.SocketChatApp;
				PRODUCT_NAME = "$(TARGET_NAME)";
				SWIFT_VERSION = 5.0;
				TARGETED_DEVICE_FAMILY = "1,2";
			};
			name = Release;
		};
		155250E7244C04F400493B95 /* Debug */ = {
			isa = XCBuildConfiguration;
			buildSettings = {
				ALWAYS_EMBED_SWIFT_STANDARD_LIBRARIES = YES;
				BUNDLE_LOADER = "$(TEST_HOST)";
				CODE_SIGN_STYLE = Automatic;
				INFOPLIST_FILE = SocketChatAppTests/Info.plist;
				IPHONEOS_DEPLOYMENT_TARGET = 13.2;
				LD_RUNPATH_SEARCH_PATHS = (
					"$(inherited)",
					"@executable_path/Frameworks",
					"@loader_path/Frameworks",
				);
				PRODUCT_BUNDLE_IDENTIFIER = dhruv.SocketChatAppTests;
				PRODUCT_NAME = "$(TARGET_NAME)";
				SWIFT_VERSION = 5.0;
				TARGETED_DEVICE_FAMILY = "1,2";
				TEST_HOST = "$(BUILT_PRODUCTS_DIR)/SocketChatApp.app/SocketChatApp";
			};
			name = Debug;
		};
		155250E8244C04F400493B95 /* Release */ = {
			isa = XCBuildConfiguration;
			buildSettings = {
				ALWAYS_EMBED_SWIFT_STANDARD_LIBRARIES = YES;
				BUNDLE_LOADER = "$(TEST_HOST)";
				CODE_SIGN_STYLE = Automatic;
				INFOPLIST_FILE = SocketChatAppTests/Info.plist;
				IPHONEOS_DEPLOYMENT_TARGET = 13.2;
				LD_RUNPATH_SEARCH_PATHS = (
					"$(inherited)",
					"@executable_path/Frameworks",
					"@loader_path/Frameworks",
				);
				PRODUCT_BUNDLE_IDENTIFIER = dhruv.SocketChatAppTests;
				PRODUCT_NAME = "$(TARGET_NAME)";
				SWIFT_VERSION = 5.0;
				TARGETED_DEVICE_FAMILY = "1,2";
				TEST_HOST = "$(BUILT_PRODUCTS_DIR)/SocketChatApp.app/SocketChatApp";
			};
			name = Release;
		};
		155250EA244C04F400493B95 /* Debug */ = {
			isa = XCBuildConfiguration;
			buildSettings = {
				ALWAYS_EMBED_SWIFT_STANDARD_LIBRARIES = YES;
				CODE_SIGN_STYLE = Automatic;
				INFOPLIST_FILE = SocketChatAppUITests/Info.plist;
				LD_RUNPATH_SEARCH_PATHS = (
					"$(inherited)",
					"@executable_path/Frameworks",
					"@loader_path/Frameworks",
				);
				PRODUCT_BUNDLE_IDENTIFIER = dhruv.SocketChatAppUITests;
				PRODUCT_NAME = "$(TARGET_NAME)";
				SWIFT_VERSION = 5.0;
				TARGETED_DEVICE_FAMILY = "1,2";
				TEST_TARGET_NAME = SocketChatApp;
			};
			name = Debug;
		};
		155250EB244C04F400493B95 /* Release */ = {
			isa = XCBuildConfiguration;
			buildSettings = {
				ALWAYS_EMBED_SWIFT_STANDARD_LIBRARIES = YES;
				CODE_SIGN_STYLE = Automatic;
				INFOPLIST_FILE = SocketChatAppUITests/Info.plist;
				LD_RUNPATH_SEARCH_PATHS = (
					"$(inherited)",
					"@executable_path/Frameworks",
					"@loader_path/Frameworks",
				);
				PRODUCT_BUNDLE_IDENTIFIER = dhruv.SocketChatAppUITests;
				PRODUCT_NAME = "$(TARGET_NAME)";
				SWIFT_VERSION = 5.0;
				TARGETED_DEVICE_FAMILY = "1,2";
				TEST_TARGET_NAME = SocketChatApp;
			};
			name = Release;
		};
/* End XCBuildConfiguration section */

/* Begin XCConfigurationList section */
		155250B4244C04F000493B95 /* Build configuration list for PBXProject "SocketChatApp" */ = {
			isa = XCConfigurationList;
			buildConfigurations = (
				155250E1244C04F400493B95 /* Debug */,
				155250E2244C04F400493B95 /* Release */,
			);
			defaultConfigurationIsVisible = 0;
			defaultConfigurationName = Release;
		};
		155250E3244C04F400493B95 /* Build configuration list for PBXNativeTarget "SocketChatApp" */ = {
			isa = XCConfigurationList;
			buildConfigurations = (
				155250E4244C04F400493B95 /* Debug */,
				155250E5244C04F400493B95 /* Release */,
			);
			defaultConfigurationIsVisible = 0;
			defaultConfigurationName = Release;
		};
		155250E6244C04F400493B95 /* Build configuration list for PBXNativeTarget "SocketChatAppTests" */ = {
			isa = XCConfigurationList;
			buildConfigurations = (
				155250E7244C04F400493B95 /* Debug */,
				155250E8244C04F400493B95 /* Release */,
			);
			defaultConfigurationIsVisible = 0;
			defaultConfigurationName = Release;
		};
		155250E9244C04F400493B95 /* Build configuration list for PBXNativeTarget "SocketChatAppUITests" */ = {
			isa = XCConfigurationList;
			buildConfigurations = (
				155250EA244C04F400493B95 /* Debug */,
				155250EB244C04F400493B95 /* Release */,
			);
			defaultConfigurationIsVisible = 0;
			defaultConfigurationName = Release;
		};
/* End XCConfigurationList section */
	};
	rootObject = 155250B1244C04F000493B95 /* Project object */;
}
